
Microsoft Visual Studio Solution File, Format Version 12.00
# Visual Studio Version 16
VisualStudioVersion = 16.0.30330.147
MinimumVisualStudioVersion = 10.0.40219.1
Project("{FAE04EC0-301F-11D3-BF4B-00C04F79EFBC}") = "PasswordBuilder.Android", "PasswordBuilder\PasswordBuilder.Android\PasswordBuilder.Android.csproj", "{1F267866-AEA2-4D50-BEA6-86349946F76B}"
EndProject
Project("{FAE04EC0-301F-11D3-BF4B-00C04F79EFBC}") = "PasswordBuilder", "PasswordBuilder\PasswordBuilder\PasswordBuilder.csproj", "{86BED855-3F3F-467F-A53F-6F559B9458C0}"
EndProject
Global
	GlobalSection(SolutionConfigurationPlatforms) = preSolution
		Debug|Any CPU = Debug|Any CPU
		Release|Any CPU = Release|Any CPU
	EndGlobalSection
	GlobalSection(ProjectConfigurationPlatforms) = postSolution
		{1F267866-AEA2-4D50-BEA6-86349946F76B}.Debug|Any CPU.ActiveCfg = Debug|Any CPU
		{1F267866-AEA2-4D50-BEA6-86349946F76B}.Debug|Any CPU.Build.0 = Debug|Any CPU
		{1F267866-AEA2-4D50-BEA6-86349946F76B}.Debug|Any CPU.Deploy.0 = Debug|Any CPU
		{1F267866-AEA2-4D50-BEA6-86349946F76B}.Release|Any CPU.ActiveCfg = Release|Any CPU
		{1F267866-AEA2-4D50-BEA6-86349946F76B}.Release|Any CPU.Build.0 = Release|Any CPU
		{1F267866-AEA2-4D50-BEA6-86349946F76B}.Release|Any CPU.Deploy.0 = Release|Any CPU
		{86BED855-3F3F-467F-A53F-6F559B9458C0}.Debug|Any CPU.ActiveCfg = Debug|Any CPU
		{86BED855-3F3F-467F-A53F-6F559B9458C0}.Debug|Any CPU.Build.0 = Debug|Any CPU
		{86BED855-3F3F-467F-A53F-6F559B9458C0}.Debug|Any CPU.Deploy.0 = Debug|Any CPU
		{86BED855-3F3F-467F-A53F-6F559B9458C0}.Release|Any CPU.ActiveCfg = Release|Any CPU
		{86BED855-3F3F-467F-A53F-6F559B9458C0}.Release|Any CPU.Build.0 = Release|Any CPU
		{86BED855-3F3F-467F-A53F-6F559B9458C0}.Release|Any CPU.Deploy.0 = Release|Any CPU
	EndGlobalSection
	GlobalSection(SolutionProperties) = preSolution
		HideSolutionNode = FALSE
	EndGlobalSection
	GlobalSection(ExtensibilityGlobals) = postSolution
		SolutionGuid = {E2181019-74A8-47E4-91E1-E0177BB3B30A}
	EndGlobalSection
EndGlobal
